
Microsoft Visual Studio Solution File, Format Version 12.00
# Visual Studio Version 17
VisualStudioVersion = 17.8.34330.188
MinimumVisualStudioVersion = 10.0.40219.1
Project("{2150E333-8FDC-42A3-9474-1A3956D46DE8}") = "lession1", "lession1", "{51BBB509-6350-4DE9-B39E-36B86C223604}"
EndProject
Project("{2150E333-8FDC-42A3-9474-1A3956D46DE8}") = "lession2", "lession2", "{538A996E-296D-4FB4-AD7F-CDFAB8F85353}"
EndProject
Project("{9A19103F-16F7-4668-BE54-9A1E7A4F7556}") = "newcar", "..\lession2\newcar\newcar.csproj", "{69185A19-0BA5-48F0-AB64-CEC90276140A}"
EndProject
Global
	GlobalSection(SolutionConfigurationPlatforms) = preSolution
		Debug|Any CPU = Debug|Any CPU
		Release|Any CPU = Release|Any CPU
	EndGlobalSection
	GlobalSection(ProjectConfigurationPlatforms) = postSolution
		{69185A19-0BA5-48F0-AB64-CEC90276140A}.Debug|Any CPU.ActiveCfg = Debug|Any CPU
		{69185A19-0BA5-48F0-AB64-CEC90276140A}.Debug|Any CPU.Build.0 = Debug|Any CPU
		{69185A19-0BA5-48F0-AB64-CEC90276140A}.Release|Any CPU.ActiveCfg = Release|Any CPU
		{69185A19-0BA5-48F0-AB64-CEC90276140A}.Release|Any CPU.Build.0 = Release|Any CPU
	EndGlobalSection
	GlobalSection(SolutionProperties) = preSolution
		HideSolutionNode = FALSE
	EndGlobalSection
	GlobalSection(NestedProjects) = preSolution
		{69185A19-0BA5-48F0-AB64-CEC90276140A} = {538A996E-296D-4FB4-AD7F-CDFAB8F85353}
	EndGlobalSection
	GlobalSection(ExtensibilityGlobals) = postSolution
		SolutionGuid = {AC89F384-320F-48B7-918C-A0DF20B29375}
	EndGlobalSection
EndGlobal
